// !$*UTF8*$!
{
	archiveVersion = 1;
	classes = {
	};
	objectVersion = 48;
	objects = {

/* Begin PBXBuildFile section */
		533CAE36209F0D5F000839D9 /* AppDelegate.swift in Sources */ = {isa = PBXBuildFile; fileRef = 533CAE35209F0D5F000839D9 /* AppDelegate.swift */; };
		533CAE39209F0D5F000839D9 /* TheMovieDB.xcdatamodeld in Sources */ = {isa = PBXBuildFile; fileRef = 533CAE37209F0D5F000839D9 /* TheMovieDB.xcdatamodeld */; };
		533CAE3B209F0D5F000839D9 /* MasterViewController.swift in Sources */ = {isa = PBXBuildFile; fileRef = 533CAE3A209F0D5F000839D9 /* MasterViewController.swift */; };
		533CAE3D209F0D5F000839D9 /* DetailViewController.swift in Sources */ = {isa = PBXBuildFile; fileRef = 533CAE3C209F0D5F000839D9 /* DetailViewController.swift */; };
		533CAE40209F0D5F000839D9 /* Main.storyboard in Resources */ = {isa = PBXBuildFile; fileRef = 533CAE3E209F0D5F000839D9 /* Main.storyboard */; };
		533CAE42209F0D5F000839D9 /* Assets.xcassets in Resources */ = {isa = PBXBuildFile; fileRef = 533CAE41209F0D5F000839D9 /* Assets.xcassets */; };
		533CAE45209F0D5F000839D9 /* LaunchScreen.storyboard in Resources */ = {isa = PBXBuildFile; fileRef = 533CAE43209F0D5F000839D9 /* LaunchScreen.storyboard */; };
		533CAE50209F0D5F000839D9 /* TheMovieDBTests.swift in Sources */ = {isa = PBXBuildFile; fileRef = 533CAE4F209F0D5F000839D9 /* TheMovieDBTests.swift */; };
		533CAE5F209F11F7000839D9 /* MasterTableViewCell.swift in Sources */ = {isa = PBXBuildFile; fileRef = 533CAE5E209F11F7000839D9 /* MasterTableViewCell.swift */; };
		533CAE61209F1814000839D9 /* MaterTableViewCellViewModel.swift in Sources */ = {isa = PBXBuildFile; fileRef = 533CAE60209F1814000839D9 /* MaterTableViewCellViewModel.swift */; };
		533CAE63209F1842000839D9 /* MasterViewModel.swift in Sources */ = {isa = PBXBuildFile; fileRef = 533CAE62209F1842000839D9 /* MasterViewModel.swift */; };
/* End PBXBuildFile section */

/* Begin PBXContainerItemProxy section */
		533CAE4C209F0D5F000839D9 /* PBXContainerItemProxy */ = {
			isa = PBXContainerItemProxy;
			containerPortal = 533CAE2A209F0D5F000839D9 /* Project object */;
			proxyType = 1;
			remoteGlobalIDString = 533CAE31209F0D5F000839D9;
			remoteInfo = TheMovieDB;
		};
/* End PBXContainerItemProxy section */

/* Begin PBXFileReference section */
		533CAE32209F0D5F000839D9 /* TheMovieDB.app */ = {isa = PBXFileReference; explicitFileType = wrapper.application; includeInIndex = 0; path = TheMovieDB.app; sourceTree = BUILT_PRODUCTS_DIR; };
		533CAE35209F0D5F000839D9 /* AppDelegate.swift */ = {isa = PBXFileReference; lastKnownFileType = sourcecode.swift; path = AppDelegate.swift; sourceTree = "<group>"; };
		533CAE38209F0D5F000839D9 /* TheMovieDB.xcdatamodel */ = {isa = PBXFileReference; lastKnownFileType = wrapper.xcdatamodel; path = TheMovieDB.xcdatamodel; sourceTree = "<group>"; };
		533CAE3A209F0D5F000839D9 /* MasterViewController.swift */ = {isa = PBXFileReference; lastKnownFileType = sourcecode.swift; path = MasterViewController.swift; sourceTree = "<group>"; };
		533CAE3C209F0D5F000839D9 /* DetailViewController.swift */ = {isa = PBXFileReference; lastKnownFileType = sourcecode.swift; path = DetailViewController.swift; sourceTree = "<group>"; };
		533CAE3F209F0D5F000839D9 /* Base */ = {isa = PBXFileReference; lastKnownFileType = file.storyboard; name = Base; path = Base.lproj/Main.storyboard; sourceTree = "<group>"; };
		533CAE41209F0D5F000839D9 /* Assets.xcassets */ = {isa = PBXFileReference; lastKnownFileType = folder.assetcatalog; path = Assets.xcassets; sourceTree = "<group>"; };
		533CAE44209F0D5F000839D9 /* Base */ = {isa = PBXFileReference; lastKnownFileType = file.storyboard; name = Base; path = Base.lproj/LaunchScreen.storyboard; sourceTree = "<group>"; };
		533CAE46209F0D5F000839D9 /* Info.plist */ = {isa = PBXFileReference; lastKnownFileType = text.plist.xml; path = Info.plist; sourceTree = "<group>"; };
		533CAE4B209F0D5F000839D9 /* TheMovieDBTests.xctest */ = {isa = PBXFileReference; explicitFileType = wrapper.cfbundle; includeInIndex = 0; path = TheMovieDBTests.xctest; sourceTree = BUILT_PRODUCTS_DIR; };
		533CAE4F209F0D5F000839D9 /* TheMovieDBTests.swift */ = {isa = PBXFileReference; lastKnownFileType = sourcecode.swift; path = TheMovieDBTests.swift; sourceTree = "<group>"; };
		533CAE51209F0D5F000839D9 /* Info.plist */ = {isa = PBXFileReference; lastKnownFileType = text.plist.xml; path = Info.plist; sourceTree = "<group>"; };
		533CAE5E209F11F7000839D9 /* MasterTableViewCell.swift */ = {isa = PBXFileReference; lastKnownFileType = sourcecode.swift; path = MasterTableViewCell.swift; sourceTree = "<group>"; };
		533CAE60209F1814000839D9 /* MaterTableViewCellViewModel.swift */ = {isa = PBXFileReference; lastKnownFileType = sourcecode.swift; path = MaterTableViewCellViewModel.swift; sourceTree = "<group>"; };
		533CAE62209F1842000839D9 /* MasterViewModel.swift */ = {isa = PBXFileReference; lastKnownFileType = sourcecode.swift; path = MasterViewModel.swift; sourceTree = "<group>"; };
/* End PBXFileReference section */

/* Begin PBXFrameworksBuildPhase section */
		533CAE2F209F0D5F000839D9 /* Frameworks */ = {
			isa = PBXFrameworksBuildPhase;
			buildActionMask = 2147483647;
			files = (
			);
			runOnlyForDeploymentPostprocessing = 0;
		};
		533CAE48209F0D5F000839D9 /* Frameworks */ = {
			isa = PBXFrameworksBuildPhase;
			buildActionMask = 2147483647;
			files = (
			);
			runOnlyForDeploymentPostprocessing = 0;
		};
/* End PBXFrameworksBuildPhase section */

/* Begin PBXGroup section */
		533CAE29209F0D5F000839D9 = {
			isa = PBXGroup;
			children = (
				533CAE34209F0D5F000839D9 /* TheMovieDB */,
				533CAE4E209F0D5F000839D9 /* TheMovieDBTests */,
				533CAE33209F0D5F000839D9 /* Products */,
			);
			sourceTree = "<group>";
		};
		533CAE33209F0D5F000839D9 /* Products */ = {
			isa = PBXGroup;
			children = (
				533CAE32209F0D5F000839D9 /* TheMovieDB.app */,
				533CAE4B209F0D5F000839D9 /* TheMovieDBTests.xctest */,
			);
			name = Products;
			sourceTree = "<group>";
		};
		533CAE34209F0D5F000839D9 /* TheMovieDB */ = {
			isa = PBXGroup;
			children = (
				533CAE35209F0D5F000839D9 /* AppDelegate.swift */,
				533CAE78209F2947000839D9 /* Detail */,
				533CAE79209F294D000839D9 /* Master */,
				533CAE3E209F0D5F000839D9 /* Main.storyboard */,
				533CAE41209F0D5F000839D9 /* Assets.xcassets */,
				533CAE43209F0D5F000839D9 /* LaunchScreen.storyboard */,
				533CAE46209F0D5F000839D9 /* Info.plist */,
				533CAE37209F0D5F000839D9 /* TheMovieDB.xcdatamodeld */,
			);
			path = TheMovieDB;
			sourceTree = "<group>";
		};
		533CAE4E209F0D5F000839D9 /* TheMovieDBTests */ = {
			isa = PBXGroup;
			children = (
				533CAE4F209F0D5F000839D9 /* TheMovieDBTests.swift */,
				533CAE51209F0D5F000839D9 /* Info.plist */,
			);
			path = TheMovieDBTests;
			sourceTree = "<group>";
		};
		533CAE78209F2947000839D9 /* Detail */ = {
			isa = PBXGroup;
			children = (
				533CAE3C209F0D5F000839D9 /* DetailViewController.swift */,
			);
			path = Detail;
			sourceTree = "<group>";
		};
		533CAE79209F294D000839D9 /* Master */ = {
			isa = PBXGroup;
			children = (
				533CAE62209F1842000839D9 /* MasterViewModel.swift */,
				533CAE3A209F0D5F000839D9 /* MasterViewController.swift */,
				533CAE60209F1814000839D9 /* MaterTableViewCellViewModel.swift */,
				533CAE5E209F11F7000839D9 /* MasterTableViewCell.swift */,
			);
			path = Master;
			sourceTree = "<group>";
		};
/* End PBXGroup section */

/* Begin PBXNativeTarget section */
		533CAE31209F0D5F000839D9 /* TheMovieDB */ = {
			isa = PBXNativeTarget;
			buildConfigurationList = 533CAE54209F0D5F000839D9 /* Build configuration list for PBXNativeTarget "TheMovieDB" */;
			buildPhases = (
				533CAE2E209F0D5F000839D9 /* Sources */,
				533CAE2F209F0D5F000839D9 /* Frameworks */,
				533CAE30209F0D5F000839D9 /* Resources */,
			);
			buildRules = (
			);
			dependencies = (
			);
			name = TheMovieDB;
			productName = TheMovieDB;
			productReference = 533CAE32209F0D5F000839D9 /* TheMovieDB.app */;
			productType = "com.apple.product-type.application";
		};
		533CAE4A209F0D5F000839D9 /* TheMovieDBTests */ = {
			isa = PBXNativeTarget;
			buildConfigurationList = 533CAE57209F0D5F000839D9 /* Build configuration list for PBXNativeTarget "TheMovieDBTests" */;
			buildPhases = (
				533CAE47209F0D5F000839D9 /* Sources */,
				533CAE48209F0D5F000839D9 /* Frameworks */,
				533CAE49209F0D5F000839D9 /* Resources */,
			);
			buildRules = (
			);
			dependencies = (
				533CAE4D209F0D5F000839D9 /* PBXTargetDependency */,
			);
			name = TheMovieDBTests;
			productName = TheMovieDBTests;
			productReference = 533CAE4B209F0D5F000839D9 /* TheMovieDBTests.xctest */;
			productType = "com.apple.product-type.bundle.unit-test";
		};
/* End PBXNativeTarget section */

/* Begin PBXProject section */
		533CAE2A209F0D5F000839D9 /* Project object */ = {
			isa = PBXProject;
			attributes = {
				LastSwiftUpdateCheck = 0920;
				LastUpgradeCheck = 0920;
				ORGANIZATIONNAME = Navneet;
				TargetAttributes = {
					533CAE31209F0D5F000839D9 = {
						CreatedOnToolsVersion = 9.2;
						ProvisioningStyle = Automatic;
					};
					533CAE4A209F0D5F000839D9 = {
						CreatedOnToolsVersion = 9.2;
						ProvisioningStyle = Automatic;
						TestTargetID = 533CAE31209F0D5F000839D9;
					};
				};
			};
			buildConfigurationList = 533CAE2D209F0D5F000839D9 /* Build configuration list for PBXProject "TheMovieDB" */;
			compatibilityVersion = "Xcode 8.0";
			developmentRegion = en;
			hasScannedForEncodings = 0;
			knownRegions = (
				en,
				Base,
			);
			mainGroup = 533CAE29209F0D5F000839D9;
			productRefGroup = 533CAE33209F0D5F000839D9 /* Products */;
			projectDirPath = "";
			projectRoot = "";
			targets = (
				533CAE31209F0D5F000839D9 /* TheMovieDB */,
				533CAE4A209F0D5F000839D9 /* TheMovieDBTests */,
			);
		};
/* End PBXProject section */

/* Begin PBXResourcesBuildPhase section */
		533CAE30209F0D5F000839D9 /* Resources */ = {
			isa = PBXResourcesBuildPhase;
			buildActionMask = 2147483647;
			files = (
				533CAE45209F0D5F000839D9 /* LaunchScreen.storyboard in Resources */,
				533CAE42209F0D5F000839D9 /* Assets.xcassets in Resources */,
				533CAE40209F0D5F000839D9 /* Main.storyboard in Resources */,
			);
			runOnlyForDeploymentPostprocessing = 0;
		};
		533CAE49209F0D5F000839D9 /* Resources */ = {
			isa = PBXResourcesBuildPhase;
			buildActionMask = 2147483647;
			files = (
			);
			runOnlyForDeploymentPostprocessing = 0;
		};
/* End PBXResourcesBuildPhase section */

/* Begin PBXSourcesBuildPhase section */
		533CAE2E209F0D5F000839D9 /* Sources */ = {
			isa = PBXSourcesBuildPhase;
			buildActionMask = 2147483647;
			files = (
				533CAE63209F1842000839D9 /* MasterViewModel.swift in Sources */,
				533CAE61209F1814000839D9 /* MaterTableViewCellViewModel.swift in Sources */,
				533CAE5F209F11F7000839D9 /* MasterTableViewCell.swift in Sources */,
				533CAE39209F0D5F000839D9 /* TheMovieDB.xcdatamodeld in Sources */,
				533CAE36209F0D5F000839D9 /* AppDelegate.swift in Sources */,
				533CAE3B209F0D5F000839D9 /* MasterViewController.swift in Sources */,
				533CAE3D209F0D5F000839D9 /* DetailViewController.swift in Sources */,
			);
			runOnlyForDeploymentPostprocessing = 0;
		};
		533CAE47209F0D5F000839D9 /* Sources */ = {
			isa = PBXSourcesBuildPhase;
			buildActionMask = 2147483647;
			files = (
				533CAE50209F0D5F000839D9 /* TheMovieDBTests.swift in Sources */,
			);
			runOnlyForDeploymentPostprocessing = 0;
		};
/* End PBXSourcesBuildPhase section */

/* Begin PBXTargetDependency section */
		533CAE4D209F0D5F000839D9 /* PBXTargetDependency */ = {
			isa = PBXTargetDependency;
			target = 533CAE31209F0D5F000839D9 /* TheMovieDB */;
			targetProxy = 533CAE4C209F0D5F000839D9 /* PBXContainerItemProxy */;
		};
/* End PBXTargetDependency section */

/* Begin PBXVariantGroup section */
		533CAE3E209F0D5F000839D9 /* Main.storyboard */ = {
			isa = PBXVariantGroup;
			children = (
				533CAE3F209F0D5F000839D9 /* Base */,
			);
			name = Main.storyboard;
			sourceTree = "<group>";
		};
		533CAE43209F0D5F000839D9 /* LaunchScreen.storyboard */ = {
			isa = PBXVariantGroup;
			children = (
				533CAE44209F0D5F000839D9 /* Base */,
			);
			name = LaunchScreen.storyboard;
			sourceTree = "<group>";
		};
/* End PBXVariantGroup section */

/* Begin XCBuildConfiguration section */
		533CAE52209F0D5F000839D9 /* Debug */ = {
			isa = XCBuildConfiguration;
			buildSettings = {
				ALWAYS_SEARCH_USER_PATHS = NO;
				CLANG_ANALYZER_NONNULL = YES;
				CLANG_ANALYZER_NUMBER_OBJECT_CONVERSION = YES_AGGRESSIVE;
				CLANG_CXX_LANGUAGE_STANDARD = "gnu++14";
				CLANG_CXX_LIBRARY = "libc++";
				CLANG_ENABLE_MODULES = YES;
				CLANG_ENABLE_OBJC_ARC = YES;
				CLANG_WARN_BLOCK_CAPTURE_AUTORELEASING = YES;
				CLANG_WARN_BOOL_CONVERSION = YES;
				CLANG_WARN_COMMA = YES;
				CLANG_WARN_CONSTANT_CONVERSION = YES;
				CLANG_WARN_DIRECT_OBJC_ISA_USAGE = YES_ERROR;
				CLANG_WARN_DOCUMENTATION_COMMENTS = YES;
				CLANG_WARN_EMPTY_BODY = YES;
				CLANG_WARN_ENUM_CONVERSION = YES;
				CLANG_WARN_INFINITE_RECURSION = YES;
				CLANG_WARN_INT_CONVERSION = YES;
				CLANG_WARN_NON_LITERAL_NULL_CONVERSION = YES;
				CLANG_WARN_OBJC_LITERAL_CONVERSION = YES;
				CLANG_WARN_OBJC_ROOT_CLASS = YES_ERROR;
				CLANG_WARN_RANGE_LOOP_ANALYSIS = YES;
				CLANG_WARN_STRICT_PROTOTYPES = YES;
				CLANG_WARN_SUSPICIOUS_MOVE = YES;
				CLANG_WARN_UNGUARDED_AVAILABILITY = YES_AGGRESSIVE;
				CLANG_WARN_UNREACHABLE_CODE = YES;
				CLANG_WARN__DUPLICATE_METHOD_MATCH = YES;
				CODE_SIGN_IDENTITY = "iPhone Developer";
				COPY_PHASE_STRIP = NO;
				DEBUG_INFORMATION_FORMAT = dwarf;
				ENABLE_STRICT_OBJC_MSGSEND = YES;
				ENABLE_TESTABILITY = YES;
				GCC_C_LANGUAGE_STANDARD = gnu11;
				GCC_DYNAMIC_NO_PIC = NO;
				GCC_NO_COMMON_BLOCKS = YES;
				GCC_OPTIMIZATION_LEVEL = 0;
				GCC_PREPROCESSOR_DEFINITIONS = (
					"DEBUG=1",
					"$(inherited)",
				);
				GCC_WARN_64_TO_32_BIT_CONVERSION = YES;
				GCC_WARN_ABOUT_RETURN_TYPE = YES_ERROR;
				GCC_WARN_UNDECLARED_SELECTOR = YES;
				GCC_WARN_UNINITIALIZED_AUTOS = YES_AGGRESSIVE;
				GCC_WARN_UNUSED_FUNCTION = YES;
				GCC_WARN_UNUSED_VARIABLE = YES;
				IPHONEOS_DEPLOYMENT_TARGET = 11.2;
				MTL_ENABLE_DEBUG_INFO = YES;
				ONLY_ACTIVE_ARCH = YES;
				SDKROOT = iphoneos;
				SWIFT_ACTIVE_COMPILATION_CONDITIONS = DEBUG;
				SWIFT_OPTIMIZATION_LEVEL = "-Onone";
			};
			name = Debug;
		};
		533CAE53209F0D5F000839D9 /* Release */ = {
			isa = XCBuildConfiguration;
			buildSettings = {
				ALWAYS_SEARCH_USER_PATHS = NO;
				CLANG_ANALYZER_NONNULL = YES;
				CLANG_ANALYZER_NUMBER_OBJECT_CONVERSION = YES_AGGRESSIVE;
				CLANG_CXX_LANGUAGE_STANDARD = "gnu++14";
				CLANG_CXX_LIBRARY = "libc++";
				CLANG_ENABLE_MODULES = YES;
				CLANG_ENABLE_OBJC_ARC = YES;
				CLANG_WARN_BLOCK_CAPTURE_AUTORELEASING = YES;
				CLANG_WARN_BOOL_CONVERSION = YES;
				CLANG_WARN_COMMA = YES;
				CLANG_WARN_CONSTANT_CONVERSION = YES;
				CLANG_WARN_DIRECT_OBJC_ISA_USAGE = YES_ERROR;
				CLANG_WARN_DOCUMENTATION_COMMENTS = YES;
				CLANG_WARN_EMPTY_BODY = YES;
				CLANG_WARN_ENUM_CONVERSION = YES;
				CLANG_WARN_INFINITE_RECURSION = YES;
				CLANG_WARN_INT_CONVERSION = YES;
				CLANG_WARN_NON_LITERAL_NULL_CONVERSION = YES;
				CLANG_WARN_OBJC_LITERAL_CONVERSION = YES;
				CLANG_WARN_OBJC_ROOT_CLASS = YES_ERROR;
				CLANG_WARN_RANGE_LOOP_ANALYSIS = YES;
				CLANG_WARN_STRICT_PROTOTYPES = YES;
				CLANG_WARN_SUSPICIOUS_MOVE = YES;
				CLANG_WARN_UNGUARDED_AVAILABILITY = YES_AGGRESSIVE;
				CLANG_WARN_UNREACHABLE_CODE = YES;
				CLANG_WARN__DUPLICATE_METHOD_MATCH = YES;
				CODE_SIGN_IDENTITY = "iPhone Developer";
				COPY_PHASE_STRIP = NO;
				DEBUG_INFORMATION_FORMAT = "dwarf-with-dsym";
				ENABLE_NS_ASSERTIONS = NO;
				ENABLE_STRICT_OBJC_MSGSEND = YES;
				GCC_C_LANGUAGE_STANDARD = gnu11;
				GCC_NO_COMMON_BLOCKS = YES;
				GCC_WARN_64_TO_32_BIT_CONVERSION = YES;
				GCC_WARN_ABOUT_RETURN_TYPE = YES_ERROR;
				GCC_WARN_UNDECLARED_SELECTOR = YES;
				GCC_WARN_UNINITIALIZED_AUTOS = YES_AGGRESSIVE;
				GCC_WARN_UNUSED_FUNCTION = YES;
				GCC_WARN_UNUSED_VARIABLE = YES;
				IPHONEOS_DEPLOYMENT_TARGET = 11.2;
				MTL_ENABLE_DEBUG_INFO = NO;
				SDKROOT = iphoneos;
				SWIFT_OPTIMIZATION_LEVEL = "-Owholemodule";
				VALIDATE_PRODUCT = YES;
			};
			name = Release;
		};
		533CAE55209F0D5F000839D9 /* Debug */ = {
			isa = XCBuildConfiguration;
			buildSettings = {
				ASSETCATALOG_COMPILER_APPICON_NAME = AppIcon;
				CODE_SIGN_STYLE = Automatic;
				INFOPLIST_FILE = TheMovieDB/Info.plist;
				LD_RUNPATH_SEARCH_PATHS = "$(inherited) @executable_path/Frameworks";
				PRODUCT_BUNDLE_IDENTIFIER = com..TheMovieDB;
				PRODUCT_NAME = "$(TARGET_NAME)";
				SWIFT_VERSION = 4.0;
				TARGETED_DEVICE_FAMILY = "1,2";
			};
			name = Debug;
		};
		533CAE56209F0D5F000839D9 /* Release */ = {
			isa = XCBuildConfiguration;
			buildSettings = {
				ASSETCATALOG_COMPILER_APPICON_NAME = AppIcon;
				CODE_SIGN_STYLE = Automatic;
				INFOPLIST_FILE = TheMovieDB/Info.plist;
				LD_RUNPATH_SEARCH_PATHS = "$(inherited) @executable_path/Frameworks";
				PRODUCT_BUNDLE_IDENTIFIER = com..TheMovieDB;
				PRODUCT_NAME = "$(TARGET_NAME)";
				SWIFT_VERSION = 4.0;
				TARGETED_DEVICE_FAMILY = "1,2";
			};
			name = Release;
		};
		533CAE58209F0D5F000839D9 /* Debug */ = {
			isa = XCBuildConfiguration;
			buildSettings = {
				ALWAYS_EMBED_SWIFT_STANDARD_LIBRARIES = YES;
				BUNDLE_LOADER = "$(TEST_HOST)";
				CODE_SIGN_STYLE = Automatic;
				INFOPLIST_FILE = TheMovieDBTests/Info.plist;
				LD_RUNPATH_SEARCH_PATHS = "$(inherited) @executable_path/Frameworks @loader_path/Frameworks";
				PRODUCT_BUNDLE_IDENTIFIER = com..TheMovieDBTests;
				PRODUCT_NAME = "$(TARGET_NAME)";
				SWIFT_VERSION = 4.0;
				TARGETED_DEVICE_FAMILY = "1,2";
				TEST_HOST = "$(BUILT_PRODUCTS_DIR)/TheMovieDB.app/TheMovieDB";
			};
			name = Debug;
		};
		533CAE59209F0D5F000839D9 /* Release */ = {
			isa = XCBuildConfiguration;
			buildSettings = {
				ALWAYS_EMBED_SWIFT_STANDARD_LIBRARIES = YES;
				BUNDLE_LOADER = "$(TEST_HOST)";
				CODE_SIGN_STYLE = Automatic;
				INFOPLIST_FILE = TheMovieDBTests/Info.plist;
				LD_RUNPATH_SEARCH_PATHS = "$(inherited) @executable_path/Frameworks @loader_path/Frameworks";
				PRODUCT_BUNDLE_IDENTIFIER = com..TheMovieDBTests;
				PRODUCT_NAME = "$(TARGET_NAME)";
				SWIFT_VERSION = 4.0;
				TARGETED_DEVICE_FAMILY = "1,2";
				TEST_HOST = "$(BUILT_PRODUCTS_DIR)/TheMovieDB.app/TheMovieDB";
			};
			name = Release;
		};
/* End XCBuildConfiguration section */

/* Begin XCConfigurationList section */
		533CAE2D209F0D5F000839D9 /* Build configuration list for PBXProject "TheMovieDB" */ = {
			isa = XCConfigurationList;
			buildConfigurations = (
				533CAE52209F0D5F000839D9 /* Debug */,
				533CAE53209F0D5F000839D9 /* Release */,
			);
			defaultConfigurationIsVisible = 0;
			defaultConfigurationName = Release;
		};
		533CAE54209F0D5F000839D9 /* Build configuration list for PBXNativeTarget "TheMovieDB" */ = {
			isa = XCConfigurationList;
			buildConfigurations = (
				533CAE55209F0D5F000839D9 /* Debug */,
				533CAE56209F0D5F000839D9 /* Release */,
			);
			defaultConfigurationIsVisible = 0;
			defaultConfigurationName = Release;
		};
		533CAE57209F0D5F000839D9 /* Build configuration list for PBXNativeTarget "TheMovieDBTests" */ = {
			isa = XCConfigurationList;
			buildConfigurations = (
				533CAE58209F0D5F000839D9 /* Debug */,
				533CAE59209F0D5F000839D9 /* Release */,
			);
			defaultConfigurationIsVisible = 0;
			defaultConfigurationName = Release;
		};
/* End XCConfigurationList section */

/* Begin XCVersionGroup section */
		533CAE37209F0D5F000839D9 /* TheMovieDB.xcdatamodeld */ = {
			isa = XCVersionGroup;
			children = (
				533CAE38209F0D5F000839D9 /* TheMovieDB.xcdatamodel */,
			);
			currentVersion = 533CAE38209F0D5F000839D9 /* TheMovieDB.xcdatamodel */;
			path = TheMovieDB.xcdatamodeld;
			sourceTree = "<group>";
			versionGroupType = wrapper.xcdatamodel;
		};
/* End XCVersionGroup section */
	};
	rootObject = 533CAE2A209F0D5F000839D9 /* Project object */;
}
