// !$*UTF8*$!
{
	archiveVersion = 1;
	classes = {
	};
	objectVersion = 48;
	objects = {

/* Begin PBXBuildFile section */
		533CAE36209F0D5F000839D9 /* AppDelegate.swift in Sources */ = {isa = PBXBuildFile; fileRef = 533CAE35209F0D5F000839D9 /* AppDelegate.swift */; };
		533CAE39209F0D5F000839D9 /* TheMovieDB.xcdatamodeld in Sources */ = {isa = PBXBuildFile; fileRef = 533CAE37209F0D5F000839D9 /* TheMovieDB.xcdatamodeld */; };
		533CAE3B209F0D5F000839D9 /* MasterViewController.swift in Sources */ = {isa = PBXBuildFile; fileRef = 533CAE3A209F0D5F000839D9 /* MasterViewController.swift */; };
		533CAE3D209F0D5F000839D9 /* DetailViewController.swift in Sources */ = {isa = PBXBuildFile; fileRef = 533CAE3C209F0D5F000839D9 /* DetailViewController.swift */; };
		533CAE40209F0D5F000839D9 /* Main.storyboard in Resources */ = {isa = PBXBuildFile; fileRef = 533CAE3E209F0D5F000839D9 /* Main.storyboard */; };
		533CAE42209F0D5F000839D9 /* Assets.xcassets in Resources */ = {isa = PBXBuildFile; fileRef = 533CAE41209F0D5F000839D9 /* Assets.xcassets */; };
		533CAE45209F0D5F000839D9 /* LaunchScreen.storyboard in Resources */ = {isa = PBXBuildFile; fileRef = 533CAE43209F0D5F000839D9 /* LaunchScreen.storyboard */; };
		533CAE50209F0D5F000839D9 /* TheMovieDBTests.swift in Sources */ = {isa = PBXBuildFile; fileRef = 533CAE4F209F0D5F000839D9 /* TheMovieDBTests.swift */; };
		533CAE5F209F11F7000839D9 /* MasterTableViewCell.swift in Sources */ = {isa = PBXBuildFile; fileRef = 533CAE5E209F11F7000839D9 /* MasterTableViewCell.swift */; };
		533CAE61209F1814000839D9 /* MatserTableViewCellViewModel.swift in Sources */ = {isa = PBXBuildFile; fileRef = 533CAE60209F1814000839D9 /* MatserTableViewCellViewModel.swift */; };
		533CAE63209F1842000839D9 /* MasterViewModel.swift in Sources */ = {isa = PBXBuildFile; fileRef = 533CAE62209F1842000839D9 /* MasterViewModel.swift */; };
		533CAE7C209F342B000839D9 /* ServiceController.swift in Sources */ = {isa = PBXBuildFile; fileRef = 533CAE7B209F342B000839D9 /* ServiceController.swift */; };
		533CAE7E209F3457000839D9 /* Buildable.swift in Sources */ = {isa = PBXBuildFile; fileRef = 533CAE7D209F3457000839D9 /* Buildable.swift */; };
		533CAE80209F3477000839D9 /* NetworkConstants.swift in Sources */ = {isa = PBXBuildFile; fileRef = 533CAE7F209F3477000839D9 /* NetworkConstants.swift */; };
		533CAE82209F34C0000839D9 /* MoviesResult.swift in Sources */ = {isa = PBXBuildFile; fileRef = 533CAE81209F34C0000839D9 /* MoviesResult.swift */; };
		533CAE84209F3A31000839D9 /* MovieParams.swift in Sources */ = {isa = PBXBuildFile; fileRef = 533CAE83209F3A31000839D9 /* MovieParams.swift */; };
		533CAE86209F4539000839D9 /* DetailViewModel.swift in Sources */ = {isa = PBXBuildFile; fileRef = 533CAE85209F4539000839D9 /* DetailViewModel.swift */; };
		533CAE88209F480F000839D9 /* MasterCollectionViewCell.swift in Sources */ = {isa = PBXBuildFile; fileRef = 533CAE87209F480F000839D9 /* MasterCollectionViewCell.swift */; };
		533CAE8A209F4833000839D9 /* MasterCollectionViewCellModel.swift in Sources */ = {isa = PBXBuildFile; fileRef = 533CAE89209F4833000839D9 /* MasterCollectionViewCellModel.swift */; };
		53B8C94B20A031410081C667 /* BannerImageParams.swift in Sources */ = {isa = PBXBuildFile; fileRef = 53B8C94A20A031410081C667 /* BannerImageParams.swift */; };
		53B8C94F20A031FF0081C667 /* MovieParamsSpecs.swift in Sources */ = {isa = PBXBuildFile; fileRef = 53B8C94E20A031FF0081C667 /* MovieParamsSpecs.swift */; };
		53B8C95120A0328B0081C667 /* BannerImageParamsSpecs.swift in Sources */ = {isa = PBXBuildFile; fileRef = 53B8C95020A0328B0081C667 /* BannerImageParamsSpecs.swift */; };
		632CBA1843F9E207A054314E /* Pods_TheMovieDB.framework in Frameworks */ = {isa = PBXBuildFile; fileRef = 629C7CD6FE11F91D9BF25B83 /* Pods_TheMovieDB.framework */; };
		DF16A5E7A5BED35825108314 /* Pods_TheMovieDBTests.framework in Frameworks */ = {isa = PBXBuildFile; fileRef = D99AF32DFC7253B909DE0D32 /* Pods_TheMovieDBTests.framework */; };
/* End PBXBuildFile section */

/* Begin PBXContainerItemProxy section */
		533CAE4C209F0D5F000839D9 /* PBXContainerItemProxy */ = {
			isa = PBXContainerItemProxy;
			containerPortal = 533CAE2A209F0D5F000839D9 /* Project object */;
			proxyType = 1;
			remoteGlobalIDString = 533CAE31209F0D5F000839D9;
			remoteInfo = TheMovieDB;
		};
/* End PBXContainerItemProxy section */

/* Begin PBXFileReference section */
		0FFD72BC4965A9CF2CA1E7C2 /* Pods-TheMovieDBTests.release.xcconfig */ = {isa = PBXFileReference; includeInIndex = 1; lastKnownFileType = text.xcconfig; name = "Pods-TheMovieDBTests.release.xcconfig"; path = "Pods/Target Support Files/Pods-TheMovieDBTests/Pods-TheMovieDBTests.release.xcconfig"; sourceTree = "<group>"; };
		312B6BDEC6C72D17E76C55ED /* Pods-TheMovieDBTests.debug.xcconfig */ = {isa = PBXFileReference; includeInIndex = 1; lastKnownFileType = text.xcconfig; name = "Pods-TheMovieDBTests.debug.xcconfig"; path = "Pods/Target Support Files/Pods-TheMovieDBTests/Pods-TheMovieDBTests.debug.xcconfig"; sourceTree = "<group>"; };
		333B365F5F40762414C703A6 /* Pods-TheMovieDB.release.xcconfig */ = {isa = PBXFileReference; includeInIndex = 1; lastKnownFileType = text.xcconfig; name = "Pods-TheMovieDB.release.xcconfig"; path = "Pods/Target Support Files/Pods-TheMovieDB/Pods-TheMovieDB.release.xcconfig"; sourceTree = "<group>"; };
		42181DF5F22F4CC62F348B2D /* Pods-TheMovieDB.debug.xcconfig */ = {isa = PBXFileReference; includeInIndex = 1; lastKnownFileType = text.xcconfig; name = "Pods-TheMovieDB.debug.xcconfig"; path = "Pods/Target Support Files/Pods-TheMovieDB/Pods-TheMovieDB.debug.xcconfig"; sourceTree = "<group>"; };
		533CAE32209F0D5F000839D9 /* TheMovieDB.app */ = {isa = PBXFileReference; explicitFileType = wrapper.application; includeInIndex = 0; path = TheMovieDB.app; sourceTree = BUILT_PRODUCTS_DIR; };
		533CAE35209F0D5F000839D9 /* AppDelegate.swift */ = {isa = PBXFileReference; lastKnownFileType = sourcecode.swift; path = AppDelegate.swift; sourceTree = "<group>"; };
		533CAE38209F0D5F000839D9 /* TheMovieDB.xcdatamodel */ = {isa = PBXFileReference; lastKnownFileType = wrapper.xcdatamodel; path = TheMovieDB.xcdatamodel; sourceTree = "<group>"; };
		533CAE3A209F0D5F000839D9 /* MasterViewController.swift */ = {isa = PBXFileReference; lastKnownFileType = sourcecode.swift; path = MasterViewController.swift; sourceTree = "<group>"; };
		533CAE3C209F0D5F000839D9 /* DetailViewController.swift */ = {isa = PBXFileReference; lastKnownFileType = sourcecode.swift; path = DetailViewController.swift; sourceTree = "<group>"; };
		533CAE3F209F0D5F000839D9 /* Base */ = {isa = PBXFileReference; lastKnownFileType = file.storyboard; name = Base; path = Base.lproj/Main.storyboard; sourceTree = "<group>"; };
		533CAE41209F0D5F000839D9 /* Assets.xcassets */ = {isa = PBXFileReference; lastKnownFileType = folder.assetcatalog; path = Assets.xcassets; sourceTree = "<group>"; };
		533CAE44209F0D5F000839D9 /* Base */ = {isa = PBXFileReference; lastKnownFileType = file.storyboard; name = Base; path = Base.lproj/LaunchScreen.storyboard; sourceTree = "<group>"; };
		533CAE46209F0D5F000839D9 /* Info.plist */ = {isa = PBXFileReference; lastKnownFileType = text.plist.xml; path = Info.plist; sourceTree = "<group>"; };
		533CAE4B209F0D5F000839D9 /* TheMovieDBTests.xctest */ = {isa = PBXFileReference; explicitFileType = wrapper.cfbundle; includeInIndex = 0; path = TheMovieDBTests.xctest; sourceTree = BUILT_PRODUCTS_DIR; };
		533CAE4F209F0D5F000839D9 /* TheMovieDBTests.swift */ = {isa = PBXFileReference; lastKnownFileType = sourcecode.swift; path = TheMovieDBTests.swift; sourceTree = "<group>"; };
		533CAE51209F0D5F000839D9 /* Info.plist */ = {isa = PBXFileReference; lastKnownFileType = text.plist.xml; path = Info.plist; sourceTree = "<group>"; };
		533CAE5E209F11F7000839D9 /* MasterTableViewCell.swift */ = {isa = PBXFileReference; lastKnownFileType = sourcecode.swift; path = MasterTableViewCell.swift; sourceTree = "<group>"; };
		533CAE60209F1814000839D9 /* MatserTableViewCellViewModel.swift */ = {isa = PBXFileReference; lastKnownFileType = sourcecode.swift; path = MatserTableViewCellViewModel.swift; sourceTree = "<group>"; };
		533CAE62209F1842000839D9 /* MasterViewModel.swift */ = {isa = PBXFileReference; lastKnownFileType = sourcecode.swift; path = MasterViewModel.swift; sourceTree = "<group>"; };
		533CAE7B209F342B000839D9 /* ServiceController.swift */ = {isa = PBXFileReference; lastKnownFileType = sourcecode.swift; path = ServiceController.swift; sourceTree = "<group>"; };
		533CAE7D209F3457000839D9 /* Buildable.swift */ = {isa = PBXFileReference; lastKnownFileType = sourcecode.swift; path = Buildable.swift; sourceTree = "<group>"; };
		533CAE7F209F3477000839D9 /* NetworkConstants.swift */ = {isa = PBXFileReference; lastKnownFileType = sourcecode.swift; path = NetworkConstants.swift; sourceTree = "<group>"; };
		533CAE81209F34C0000839D9 /* MoviesResult.swift */ = {isa = PBXFileReference; lastKnownFileType = sourcecode.swift; path = MoviesResult.swift; sourceTree = "<group>"; };
		533CAE83209F3A31000839D9 /* MovieParams.swift */ = {isa = PBXFileReference; lastKnownFileType = sourcecode.swift; path = MovieParams.swift; sourceTree = "<group>"; };
		533CAE85209F4539000839D9 /* DetailViewModel.swift */ = {isa = PBXFileReference; lastKnownFileType = sourcecode.swift; path = DetailViewModel.swift; sourceTree = "<group>"; };
		533CAE87209F480F000839D9 /* MasterCollectionViewCell.swift */ = {isa = PBXFileReference; lastKnownFileType = sourcecode.swift; path = MasterCollectionViewCell.swift; sourceTree = "<group>"; };
		533CAE89209F4833000839D9 /* MasterCollectionViewCellModel.swift */ = {isa = PBXFileReference; lastKnownFileType = sourcecode.swift; path = MasterCollectionViewCellModel.swift; sourceTree = "<group>"; };
		53B8C94A20A031410081C667 /* BannerImageParams.swift */ = {isa = PBXFileReference; fileEncoding = 4; lastKnownFileType = sourcecode.swift; path = BannerImageParams.swift; sourceTree = "<group>"; };
		53B8C94E20A031FF0081C667 /* MovieParamsSpecs.swift */ = {isa = PBXFileReference; lastKnownFileType = sourcecode.swift; path = MovieParamsSpecs.swift; sourceTree = "<group>"; };
		53B8C95020A0328B0081C667 /* BannerImageParamsSpecs.swift */ = {isa = PBXFileReference; lastKnownFileType = sourcecode.swift; path = BannerImageParamsSpecs.swift; sourceTree = "<group>"; };
		629C7CD6FE11F91D9BF25B83 /* Pods_TheMovieDB.framework */ = {isa = PBXFileReference; explicitFileType = wrapper.framework; includeInIndex = 0; path = Pods_TheMovieDB.framework; sourceTree = BUILT_PRODUCTS_DIR; };
		D99AF32DFC7253B909DE0D32 /* Pods_TheMovieDBTests.framework */ = {isa = PBXFileReference; explicitFileType = wrapper.framework; includeInIndex = 0; path = Pods_TheMovieDBTests.framework; sourceTree = BUILT_PRODUCTS_DIR; };
/* End PBXFileReference section */

/* Begin PBXFrameworksBuildPhase section */
		533CAE2F209F0D5F000839D9 /* Frameworks */ = {
			isa = PBXFrameworksBuildPhase;
			buildActionMask = 2147483647;
			files = (
				632CBA1843F9E207A054314E /* Pods_TheMovieDB.framework in Frameworks */,
			);
			runOnlyForDeploymentPostprocessing = 0;
		};
		533CAE48209F0D5F000839D9 /* Frameworks */ = {
			isa = PBXFrameworksBuildPhase;
			buildActionMask = 2147483647;
			files = (
				DF16A5E7A5BED35825108314 /* Pods_TheMovieDBTests.framework in Frameworks */,
			);
			runOnlyForDeploymentPostprocessing = 0;
		};
/* End PBXFrameworksBuildPhase section */

/* Begin PBXGroup section */
		02260188AAFB1CE2D2415583 /* Frameworks */ = {
			isa = PBXGroup;
			children = (
				629C7CD6FE11F91D9BF25B83 /* Pods_TheMovieDB.framework */,
				D99AF32DFC7253B909DE0D32 /* Pods_TheMovieDBTests.framework */,
			);
			name = Frameworks;
			sourceTree = "<group>";
		};
		533CAE29209F0D5F000839D9 = {
			isa = PBXGroup;
			children = (
				533CAE34209F0D5F000839D9 /* TheMovieDB */,
				533CAE4E209F0D5F000839D9 /* TheMovieDBTests */,
				533CAE33209F0D5F000839D9 /* Products */,
				867D6C976B8F7F5F79801142 /* Pods */,
				02260188AAFB1CE2D2415583 /* Frameworks */,
			);
			sourceTree = "<group>";
		};
		533CAE33209F0D5F000839D9 /* Products */ = {
			isa = PBXGroup;
			children = (
				533CAE32209F0D5F000839D9 /* TheMovieDB.app */,
				533CAE4B209F0D5F000839D9 /* TheMovieDBTests.xctest */,
			);
			name = Products;
			sourceTree = "<group>";
		};
		533CAE34209F0D5F000839D9 /* TheMovieDB */ = {
			isa = PBXGroup;
			children = (
				533CAE35209F0D5F000839D9 /* AppDelegate.swift */,
				533CAE78209F2947000839D9 /* Detail */,
				533CAE79209F294D000839D9 /* Master */,
				533CAE7A209F33EA000839D9 /* Networking */,
				533CAE3E209F0D5F000839D9 /* Main.storyboard */,
				533CAE41209F0D5F000839D9 /* Assets.xcassets */,
				533CAE43209F0D5F000839D9 /* LaunchScreen.storyboard */,
				533CAE46209F0D5F000839D9 /* Info.plist */,
				533CAE37209F0D5F000839D9 /* TheMovieDB.xcdatamodeld */,
			);
			path = TheMovieDB;
			sourceTree = "<group>";
		};
		533CAE4E209F0D5F000839D9 /* TheMovieDBTests */ = {
			isa = PBXGroup;
			children = (
				533CAE4F209F0D5F000839D9 /* TheMovieDBTests.swift */,
				53B8C95220A0331F0081C667 /* Networking */,
				533CAE51209F0D5F000839D9 /* Info.plist */,
			);
			path = TheMovieDBTests;
			sourceTree = "<group>";
		};
		533CAE78209F2947000839D9 /* Detail */ = {
			isa = PBXGroup;
			children = (
				533CAE3C209F0D5F000839D9 /* DetailViewController.swift */,
				533CAE85209F4539000839D9 /* DetailViewModel.swift */,
			);
			path = Detail;
			sourceTree = "<group>";
		};
		533CAE79209F294D000839D9 /* Master */ = {
			isa = PBXGroup;
			children = (
				533CAE62209F1842000839D9 /* MasterViewModel.swift */,
				533CAE3A209F0D5F000839D9 /* MasterViewController.swift */,
				533CAE60209F1814000839D9 /* MatserTableViewCellViewModel.swift */,
				533CAE5E209F11F7000839D9 /* MasterTableViewCell.swift */,
				533CAE89209F4833000839D9 /* MasterCollectionViewCellModel.swift */,
				533CAE87209F480F000839D9 /* MasterCollectionViewCell.swift */,
			);
			path = Master;
			sourceTree = "<group>";
		};
		533CAE7A209F33EA000839D9 /* Networking */ = {
			isa = PBXGroup;
			children = (
				533CAE7B209F342B000839D9 /* ServiceController.swift */,
				533CAE7D209F3457000839D9 /* Buildable.swift */,
				533CAE7F209F3477000839D9 /* NetworkConstants.swift */,
				533CAE81209F34C0000839D9 /* MoviesResult.swift */,
				533CAE83209F3A31000839D9 /* MovieParams.swift */,
				53B8C94A20A031410081C667 /* BannerImageParams.swift */,
			);
			path = Networking;
			sourceTree = "<group>";
		};
		53B8C95220A0331F0081C667 /* Networking */ = {
			isa = PBXGroup;
			children = (
				53B8C94E20A031FF0081C667 /* MovieParamsSpecs.swift */,
				53B8C95020A0328B0081C667 /* BannerImageParamsSpecs.swift */,
			);
			path = Networking;
			sourceTree = "<group>";
		};
		867D6C976B8F7F5F79801142 /* Pods */ = {
			isa = PBXGroup;
			children = (
				42181DF5F22F4CC62F348B2D /* Pods-TheMovieDB.debug.xcconfig */,
				333B365F5F40762414C703A6 /* Pods-TheMovieDB.release.xcconfig */,
				312B6BDEC6C72D17E76C55ED /* Pods-TheMovieDBTests.debug.xcconfig */,
				0FFD72BC4965A9CF2CA1E7C2 /* Pods-TheMovieDBTests.release.xcconfig */,
			);
			name = Pods;
			sourceTree = "<group>";
		};
/* End PBXGroup section */

/* Begin PBXNativeTarget section */
		533CAE31209F0D5F000839D9 /* TheMovieDB */ = {
			isa = PBXNativeTarget;
			buildConfigurationList = 533CAE54209F0D5F000839D9 /* Build configuration list for PBXNativeTarget "TheMovieDB" */;
			buildPhases = (
				A7413321C509A1C45B12D36E /* [CP] Check Pods Manifest.lock */,
				533CAE2E209F0D5F000839D9 /* Sources */,
				533CAE2F209F0D5F000839D9 /* Frameworks */,
				533CAE30209F0D5F000839D9 /* Resources */,
			);
			buildRules = (
			);
			dependencies = (
			);
			name = TheMovieDB;
			productName = TheMovieDB;
			productReference = 533CAE32209F0D5F000839D9 /* TheMovieDB.app */;
			productType = "com.apple.product-type.application";
		};
		533CAE4A209F0D5F000839D9 /* TheMovieDBTests */ = {
			isa = PBXNativeTarget;
			buildConfigurationList = 533CAE57209F0D5F000839D9 /* Build configuration list for PBXNativeTarget "TheMovieDBTests" */;
			buildPhases = (
				B05E82B191C414BB753E50E7 /* [CP] Check Pods Manifest.lock */,
				533CAE47209F0D5F000839D9 /* Sources */,
				533CAE48209F0D5F000839D9 /* Frameworks */,
				533CAE49209F0D5F000839D9 /* Resources */,
				7F343F14A95CE4E457C68795 /* [CP] Embed Pods Frameworks */,
			);
			buildRules = (
			);
			dependencies = (
				533CAE4D209F0D5F000839D9 /* PBXTargetDependency */,
			);
			name = TheMovieDBTests;
			productName = TheMovieDBTests;
			productReference = 533CAE4B209F0D5F000839D9 /* TheMovieDBTests.xctest */;
			productType = "com.apple.product-type.bundle.unit-test";
		};
/* End PBXNativeTarget section */

/* Begin PBXProject section */
		533CAE2A209F0D5F000839D9 /* Project object */ = {
			isa = PBXProject;
			attributes = {
				LastSwiftUpdateCheck = 0920;
				LastUpgradeCheck = 0920;
				ORGANIZATIONNAME = Navneet;
				TargetAttributes = {
					533CAE31209F0D5F000839D9 = {
						CreatedOnToolsVersion = 9.2;
						ProvisioningStyle = Automatic;
					};
					533CAE4A209F0D5F000839D9 = {
						CreatedOnToolsVersion = 9.2;
						ProvisioningStyle = Automatic;
						TestTargetID = 533CAE31209F0D5F000839D9;
					};
				};
			};
			buildConfigurationList = 533CAE2D209F0D5F000839D9 /* Build configuration list for PBXProject "TheMovieDB" */;
			compatibilityVersion = "Xcode 8.0";
			developmentRegion = en;
			hasScannedForEncodings = 0;
			knownRegions = (
				en,
				Base,
			);
			mainGroup = 533CAE29209F0D5F000839D9;
			productRefGroup = 533CAE33209F0D5F000839D9 /* Products */;
			projectDirPath = "";
			projectRoot = "";
			targets = (
				533CAE31209F0D5F000839D9 /* TheMovieDB */,
				533CAE4A209F0D5F000839D9 /* TheMovieDBTests */,
			);
		};
/* End PBXProject section */

/* Begin PBXResourcesBuildPhase section */
		533CAE30209F0D5F000839D9 /* Resources */ = {
			isa = PBXResourcesBuildPhase;
			buildActionMask = 2147483647;
			files = (
				533CAE45209F0D5F000839D9 /* LaunchScreen.storyboard in Resources */,
				533CAE42209F0D5F000839D9 /* Assets.xcassets in Resources */,
				533CAE40209F0D5F000839D9 /* Main.storyboard in Resources */,
			);
			runOnlyForDeploymentPostprocessing = 0;
		};
		533CAE49209F0D5F000839D9 /* Resources */ = {
			isa = PBXResourcesBuildPhase;
			buildActionMask = 2147483647;
			files = (
			);
			runOnlyForDeploymentPostprocessing = 0;
		};
/* End PBXResourcesBuildPhase section */

/* Begin PBXShellScriptBuildPhase section */
		7F343F14A95CE4E457C68795 /* [CP] Embed Pods Frameworks */ = {
			isa = PBXShellScriptBuildPhase;
			buildActionMask = 2147483647;
			files = (
			);
			inputPaths = (
				"${SRCROOT}/Pods/Target Support Files/Pods-TheMovieDBTests/Pods-TheMovieDBTests-frameworks.sh",
				"${BUILT_PRODUCTS_DIR}/Nimble/Nimble.framework",
				"${BUILT_PRODUCTS_DIR}/Quick/Quick.framework",
			);
			name = "[CP] Embed Pods Frameworks";
			outputPaths = (
				"${TARGET_BUILD_DIR}/${FRAMEWORKS_FOLDER_PATH}/Nimble.framework",
				"${TARGET_BUILD_DIR}/${FRAMEWORKS_FOLDER_PATH}/Quick.framework",
			);
			runOnlyForDeploymentPostprocessing = 0;
			shellPath = /bin/sh;
			shellScript = "\"${SRCROOT}/Pods/Target Support Files/Pods-TheMovieDBTests/Pods-TheMovieDBTests-frameworks.sh\"\n";
			showEnvVarsInLog = 0;
		};
		A7413321C509A1C45B12D36E /* [CP] Check Pods Manifest.lock */ = {
			isa = PBXShellScriptBuildPhase;
			buildActionMask = 2147483647;
			files = (
			);
			inputPaths = (
				"${PODS_PODFILE_DIR_PATH}/Podfile.lock",
				"${PODS_ROOT}/Manifest.lock",
			);
			name = "[CP] Check Pods Manifest.lock";
			outputPaths = (
				"$(DERIVED_FILE_DIR)/Pods-TheMovieDB-checkManifestLockResult.txt",
			);
			runOnlyForDeploymentPostprocessing = 0;
			shellPath = /bin/sh;
			shellScript = "diff \"${PODS_PODFILE_DIR_PATH}/Podfile.lock\" \"${PODS_ROOT}/Manifest.lock\" > /dev/null\nif [ $? != 0 ] ; then\n    # print error to STDERR\n    echo \"error: The sandbox is not in sync with the Podfile.lock. Run 'pod install' or update your CocoaPods installation.\" >&2\n    exit 1\nfi\n# This output is used by Xcode 'outputs' to avoid re-running this script phase.\necho \"SUCCESS\" > \"${SCRIPT_OUTPUT_FILE_0}\"\n";
			showEnvVarsInLog = 0;
		};
		B05E82B191C414BB753E50E7 /* [CP] Check Pods Manifest.lock */ = {
			isa = PBXShellScriptBuildPhase;
			buildActionMask = 2147483647;
			files = (
			);
			inputPaths = (
				"${PODS_PODFILE_DIR_PATH}/Podfile.lock",
				"${PODS_ROOT}/Manifest.lock",
			);
			name = "[CP] Check Pods Manifest.lock";
			outputPaths = (
				"$(DERIVED_FILE_DIR)/Pods-TheMovieDBTests-checkManifestLockResult.txt",
			);
			runOnlyForDeploymentPostprocessing = 0;
			shellPath = /bin/sh;
			shellScript = "diff \"${PODS_PODFILE_DIR_PATH}/Podfile.lock\" \"${PODS_ROOT}/Manifest.lock\" > /dev/null\nif [ $? != 0 ] ; then\n    # print error to STDERR\n    echo \"error: The sandbox is not in sync with the Podfile.lock. Run 'pod install' or update your CocoaPods installation.\" >&2\n    exit 1\nfi\n# This output is used by Xcode 'outputs' to avoid re-running this script phase.\necho \"SUCCESS\" > \"${SCRIPT_OUTPUT_FILE_0}\"\n";
			showEnvVarsInLog = 0;
		};
/* End PBXShellScriptBuildPhase section */

/* Begin PBXSourcesBuildPhase section */
		533CAE2E209F0D5F000839D9 /* Sources */ = {
			isa = PBXSourcesBuildPhase;
			buildActionMask = 2147483647;
			files = (
				533CAE63209F1842000839D9 /* MasterViewModel.swift in Sources */,
				533CAE61209F1814000839D9 /* MatserTableViewCellViewModel.swift in Sources */,
				533CAE8A209F4833000839D9 /* MasterCollectionViewCellModel.swift in Sources */,
				533CAE80209F3477000839D9 /* NetworkConstants.swift in Sources */,
				533CAE82209F34C0000839D9 /* MoviesResult.swift in Sources */,
				533CAE5F209F11F7000839D9 /* MasterTableViewCell.swift in Sources */,
				533CAE39209F0D5F000839D9 /* TheMovieDB.xcdatamodeld in Sources */,
				533CAE36209F0D5F000839D9 /* AppDelegate.swift in Sources */,
				533CAE3B209F0D5F000839D9 /* MasterViewController.swift in Sources */,
				533CAE88209F480F000839D9 /* MasterCollectionViewCell.swift in Sources */,
				533CAE84209F3A31000839D9 /* MovieParams.swift in Sources */,
				533CAE86209F4539000839D9 /* DetailViewModel.swift in Sources */,
				533CAE7E209F3457000839D9 /* Buildable.swift in Sources */,
				533CAE3D209F0D5F000839D9 /* DetailViewController.swift in Sources */,
				533CAE7C209F342B000839D9 /* ServiceController.swift in Sources */,
				53B8C94B20A031410081C667 /* BannerImageParams.swift in Sources */,
			);
			runOnlyForDeploymentPostprocessing = 0;
		};
		533CAE47209F0D5F000839D9 /* Sources */ = {
			isa = PBXSourcesBuildPhase;
			buildActionMask = 2147483647;
			files = (
				533CAE50209F0D5F000839D9 /* TheMovieDBTests.swift in Sources */,
				53B8C95120A0328B0081C667 /* BannerImageParamsSpecs.swift in Sources */,
				53B8C94F20A031FF0081C667 /* MovieParamsSpecs.swift in Sources */,
			);
			runOnlyForDeploymentPostprocessing = 0;
		};
/* End PBXSourcesBuildPhase section */

/* Begin PBXTargetDependency section */
		533CAE4D209F0D5F000839D9 /* PBXTargetDependency */ = {
			isa = PBXTargetDependency;
			target = 533CAE31209F0D5F000839D9 /* TheMovieDB */;
			targetProxy = 533CAE4C209F0D5F000839D9 /* PBXContainerItemProxy */;
		};
/* End PBXTargetDependency section */

/* Begin PBXVariantGroup section */
		533CAE3E209F0D5F000839D9 /* Main.storyboard */ = {
			isa = PBXVariantGroup;
			children = (
				533CAE3F209F0D5F000839D9 /* Base */,
			);
			name = Main.storyboard;
			sourceTree = "<group>";
		};
		533CAE43209F0D5F000839D9 /* LaunchScreen.storyboard */ = {
			isa = PBXVariantGroup;
			children = (
				533CAE44209F0D5F000839D9 /* Base */,
			);
			name = LaunchScreen.storyboard;
			sourceTree = "<group>";
		};
/* End PBXVariantGroup section */

/* Begin XCBuildConfiguration section */
		533CAE52209F0D5F000839D9 /* Debug */ = {
			isa = XCBuildConfiguration;
			buildSettings = {
				ALWAYS_SEARCH_USER_PATHS = NO;
				CLANG_ANALYZER_NONNULL = YES;
				CLANG_ANALYZER_NUMBER_OBJECT_CONVERSION = YES_AGGRESSIVE;
				CLANG_CXX_LANGUAGE_STANDARD = "gnu++14";
				CLANG_CXX_LIBRARY = "libc++";
				CLANG_ENABLE_MODULES = YES;
				CLANG_ENABLE_OBJC_ARC = YES;
				CLANG_WARN_BLOCK_CAPTURE_AUTORELEASING = YES;
				CLANG_WARN_BOOL_CONVERSION = YES;
				CLANG_WARN_COMMA = YES;
				CLANG_WARN_CONSTANT_CONVERSION = YES;
				CLANG_WARN_DIRECT_OBJC_ISA_USAGE = YES_ERROR;
				CLANG_WARN_DOCUMENTATION_COMMENTS = YES;
				CLANG_WARN_EMPTY_BODY = YES;
				CLANG_WARN_ENUM_CONVERSION = YES;
				CLANG_WARN_INFINITE_RECURSION = YES;
				CLANG_WARN_INT_CONVERSION = YES;
				CLANG_WARN_NON_LITERAL_NULL_CONVERSION = YES;
				CLANG_WARN_OBJC_LITERAL_CONVERSION = YES;
				CLANG_WARN_OBJC_ROOT_CLASS = YES_ERROR;
				CLANG_WARN_RANGE_LOOP_ANALYSIS = YES;
				CLANG_WARN_STRICT_PROTOTYPES = YES;
				CLANG_WARN_SUSPICIOUS_MOVE = YES;
				CLANG_WARN_UNGUARDED_AVAILABILITY = YES_AGGRESSIVE;
				CLANG_WARN_UNREACHABLE_CODE = YES;
				CLANG_WARN__DUPLICATE_METHOD_MATCH = YES;
				CODE_SIGN_IDENTITY = "iPhone Developer";
				COPY_PHASE_STRIP = NO;
				DEBUG_INFORMATION_FORMAT = dwarf;
				ENABLE_STRICT_OBJC_MSGSEND = YES;
				ENABLE_TESTABILITY = YES;
				GCC_C_LANGUAGE_STANDARD = gnu11;
				GCC_DYNAMIC_NO_PIC = NO;
				GCC_NO_COMMON_BLOCKS = YES;
				GCC_OPTIMIZATION_LEVEL = 0;
				GCC_PREPROCESSOR_DEFINITIONS = (
					"DEBUG=1",
					"$(inherited)",
				);
				GCC_WARN_64_TO_32_BIT_CONVERSION = YES;
				GCC_WARN_ABOUT_RETURN_TYPE = YES_ERROR;
				GCC_WARN_UNDECLARED_SELECTOR = YES;
				GCC_WARN_UNINITIALIZED_AUTOS = YES_AGGRESSIVE;
				GCC_WARN_UNUSED_FUNCTION = YES;
				GCC_WARN_UNUSED_VARIABLE = YES;
				IPHONEOS_DEPLOYMENT_TARGET = 11.2;
				MTL_ENABLE_DEBUG_INFO = YES;
				ONLY_ACTIVE_ARCH = YES;
				SDKROOT = iphoneos;
				SWIFT_ACTIVE_COMPILATION_CONDITIONS = DEBUG;
				SWIFT_OPTIMIZATION_LEVEL = "-Onone";
			};
			name = Debug;
		};
		533CAE53209F0D5F000839D9 /* Release */ = {
			isa = XCBuildConfiguration;
			buildSettings = {
				ALWAYS_SEARCH_USER_PATHS = NO;
				CLANG_ANALYZER_NONNULL = YES;
				CLANG_ANALYZER_NUMBER_OBJECT_CONVERSION = YES_AGGRESSIVE;
				CLANG_CXX_LANGUAGE_STANDARD = "gnu++14";
				CLANG_CXX_LIBRARY = "libc++";
				CLANG_ENABLE_MODULES = YES;
				CLANG_ENABLE_OBJC_ARC = YES;
				CLANG_WARN_BLOCK_CAPTURE_AUTORELEASING = YES;
				CLANG_WARN_BOOL_CONVERSION = YES;
				CLANG_WARN_COMMA = YES;
				CLANG_WARN_CONSTANT_CONVERSION = YES;
				CLANG_WARN_DIRECT_OBJC_ISA_USAGE = YES_ERROR;
				CLANG_WARN_DOCUMENTATION_COMMENTS = YES;
				CLANG_WARN_EMPTY_BODY = YES;
				CLANG_WARN_ENUM_CONVERSION = YES;
				CLANG_WARN_INFINITE_RECURSION = YES;
				CLANG_WARN_INT_CONVERSION = YES;
				CLANG_WARN_NON_LITERAL_NULL_CONVERSION = YES;
				CLANG_WARN_OBJC_LITERAL_CONVERSION = YES;
				CLANG_WARN_OBJC_ROOT_CLASS = YES_ERROR;
				CLANG_WARN_RANGE_LOOP_ANALYSIS = YES;
				CLANG_WARN_STRICT_PROTOTYPES = YES;
				CLANG_WARN_SUSPICIOUS_MOVE = YES;
				CLANG_WARN_UNGUARDED_AVAILABILITY = YES_AGGRESSIVE;
				CLANG_WARN_UNREACHABLE_CODE = YES;
				CLANG_WARN__DUPLICATE_METHOD_MATCH = YES;
				CODE_SIGN_IDENTITY = "iPhone Developer";
				COPY_PHASE_STRIP = NO;
				DEBUG_INFORMATION_FORMAT = "dwarf-with-dsym";
				ENABLE_NS_ASSERTIONS = NO;
				ENABLE_STRICT_OBJC_MSGSEND = YES;
				GCC_C_LANGUAGE_STANDARD = gnu11;
				GCC_NO_COMMON_BLOCKS = YES;
				GCC_WARN_64_TO_32_BIT_CONVERSION = YES;
				GCC_WARN_ABOUT_RETURN_TYPE = YES_ERROR;
				GCC_WARN_UNDECLARED_SELECTOR = YES;
				GCC_WARN_UNINITIALIZED_AUTOS = YES_AGGRESSIVE;
				GCC_WARN_UNUSED_FUNCTION = YES;
				GCC_WARN_UNUSED_VARIABLE = YES;
				IPHONEOS_DEPLOYMENT_TARGET = 11.2;
				MTL_ENABLE_DEBUG_INFO = NO;
				SDKROOT = iphoneos;
				SWIFT_OPTIMIZATION_LEVEL = "-Owholemodule";
				VALIDATE_PRODUCT = YES;
			};
			name = Release;
		};
		533CAE55209F0D5F000839D9 /* Debug */ = {
			isa = XCBuildConfiguration;
			baseConfigurationReference = 42181DF5F22F4CC62F348B2D /* Pods-TheMovieDB.debug.xcconfig */;
			buildSettings = {
				ASSETCATALOG_COMPILER_APPICON_NAME = AppIcon;
				CODE_SIGN_STYLE = Automatic;
				INFOPLIST_FILE = TheMovieDB/Info.plist;
				LD_RUNPATH_SEARCH_PATHS = "$(inherited) @executable_path/Frameworks";
				PRODUCT_BUNDLE_IDENTIFIER = com..TheMovieDB;
				PRODUCT_NAME = "$(TARGET_NAME)";
				SWIFT_VERSION = 4.0;
				TARGETED_DEVICE_FAMILY = "1,2";
			};
			name = Debug;
		};
		533CAE56209F0D5F000839D9 /* Release */ = {
			isa = XCBuildConfiguration;
			baseConfigurationReference = 333B365F5F40762414C703A6 /* Pods-TheMovieDB.release.xcconfig */;
			buildSettings = {
				ASSETCATALOG_COMPILER_APPICON_NAME = AppIcon;
				CODE_SIGN_STYLE = Automatic;
				INFOPLIST_FILE = TheMovieDB/Info.plist;
				LD_RUNPATH_SEARCH_PATHS = "$(inherited) @executable_path/Frameworks";
				PRODUCT_BUNDLE_IDENTIFIER = com..TheMovieDB;
				PRODUCT_NAME = "$(TARGET_NAME)";
				SWIFT_VERSION = 4.0;
				TARGETED_DEVICE_FAMILY = "1,2";
			};
			name = Release;
		};
		533CAE58209F0D5F000839D9 /* Debug */ = {
			isa = XCBuildConfiguration;
			baseConfigurationReference = 312B6BDEC6C72D17E76C55ED /* Pods-TheMovieDBTests.debug.xcconfig */;
			buildSettings = {
				ALWAYS_EMBED_SWIFT_STANDARD_LIBRARIES = YES;
				BUNDLE_LOADER = "$(TEST_HOST)";
				CODE_SIGN_STYLE = Automatic;
				INFOPLIST_FILE = TheMovieDBTests/Info.plist;
				LD_RUNPATH_SEARCH_PATHS = "$(inherited) @executable_path/Frameworks @loader_path/Frameworks";
				PRODUCT_BUNDLE_IDENTIFIER = com..TheMovieDBTests;
				PRODUCT_NAME = "$(TARGET_NAME)";
				SWIFT_VERSION = 4.0;
				TARGETED_DEVICE_FAMILY = "1,2";
				TEST_HOST = "$(BUILT_PRODUCTS_DIR)/TheMovieDB.app/TheMovieDB";
			};
			name = Debug;
		};
		533CAE59209F0D5F000839D9 /* Release */ = {
			isa = XCBuildConfiguration;
			baseConfigurationReference = 0FFD72BC4965A9CF2CA1E7C2 /* Pods-TheMovieDBTests.release.xcconfig */;
			buildSettings = {
				ALWAYS_EMBED_SWIFT_STANDARD_LIBRARIES = YES;
				BUNDLE_LOADER = "$(TEST_HOST)";
				CODE_SIGN_STYLE = Automatic;
				INFOPLIST_FILE = TheMovieDBTests/Info.plist;
				LD_RUNPATH_SEARCH_PATHS = "$(inherited) @executable_path/Frameworks @loader_path/Frameworks";
				PRODUCT_BUNDLE_IDENTIFIER = com..TheMovieDBTests;
				PRODUCT_NAME = "$(TARGET_NAME)";
				SWIFT_VERSION = 4.0;
				TARGETED_DEVICE_FAMILY = "1,2";
				TEST_HOST = "$(BUILT_PRODUCTS_DIR)/TheMovieDB.app/TheMovieDB";
			};
			name = Release;
		};
/* End XCBuildConfiguration section */

/* Begin XCConfigurationList section */
		533CAE2D209F0D5F000839D9 /* Build configuration list for PBXProject "TheMovieDB" */ = {
			isa = XCConfigurationList;
			buildConfigurations = (
				533CAE52209F0D5F000839D9 /* Debug */,
				533CAE53209F0D5F000839D9 /* Release */,
			);
			defaultConfigurationIsVisible = 0;
			defaultConfigurationName = Release;
		};
		533CAE54209F0D5F000839D9 /* Build configuration list for PBXNativeTarget "TheMovieDB" */ = {
			isa = XCConfigurationList;
			buildConfigurations = (
				533CAE55209F0D5F000839D9 /* Debug */,
				533CAE56209F0D5F000839D9 /* Release */,
			);
			defaultConfigurationIsVisible = 0;
			defaultConfigurationName = Release;
		};
		533CAE57209F0D5F000839D9 /* Build configuration list for PBXNativeTarget "TheMovieDBTests" */ = {
			isa = XCConfigurationList;
			buildConfigurations = (
				533CAE58209F0D5F000839D9 /* Debug */,
				533CAE59209F0D5F000839D9 /* Release */,
			);
			defaultConfigurationIsVisible = 0;
			defaultConfigurationName = Release;
		};
/* End XCConfigurationList section */

/* Begin XCVersionGroup section */
		533CAE37209F0D5F000839D9 /* TheMovieDB.xcdatamodeld */ = {
			isa = XCVersionGroup;
			children = (
				533CAE38209F0D5F000839D9 /* TheMovieDB.xcdatamodel */,
			);
			currentVersion = 533CAE38209F0D5F000839D9 /* TheMovieDB.xcdatamodel */;
			path = TheMovieDB.xcdatamodeld;
			sourceTree = "<group>";
			versionGroupType = wrapper.xcdatamodel;
		};
/* End XCVersionGroup section */
	};
	rootObject = 533CAE2A209F0D5F000839D9 /* Project object */;
}
